// !$*UTF8*$!
{
	archiveVersion = 1;
	classes = {
	};
	objectVersion = 46;
	objects = {

/* Begin PBXBuildFile section */
		3BD7521C18FB374C007549CC /* Foundation.framework in Frameworks */ = {isa = PBXBuildFile; fileRef = 3BD7521B18FB374C007549CC /* Foundation.framework */; };
		3BD7521E18FB374C007549CC /* CoreGraphics.framework in Frameworks */ = {isa = PBXBuildFile; fileRef = 3BD7521D18FB374C007549CC /* CoreGraphics.framework */; };
		3BD7522018FB374C007549CC /* UIKit.framework in Frameworks */ = {isa = PBXBuildFile; fileRef = 3BD7521F18FB374C007549CC /* UIKit.framework */; };
		3BD7522618FB374C007549CC /* InfoPlist.strings in Resources */ = {isa = PBXBuildFile; fileRef = 3BD7522418FB374C007549CC /* InfoPlist.strings */; };
		3BD7522818FB374C007549CC /* main.m in Sources */ = {isa = PBXBuildFile; fileRef = 3BD7522718FB374C007549CC /* main.m */; };
		3BD7522C18FB374C007549CC /* CDTAppDelegate.m in Sources */ = {isa = PBXBuildFile; fileRef = 3BD7522B18FB374C007549CC /* CDTAppDelegate.m */; };
		3BD7522F18FB374C007549CC /* Main_iPhone.storyboard in Resources */ = {isa = PBXBuildFile; fileRef = 3BD7522D18FB374C007549CC /* Main_iPhone.storyboard */; };
		3BD7523218FB374C007549CC /* Main_iPad.storyboard in Resources */ = {isa = PBXBuildFile; fileRef = 3BD7523018FB374C007549CC /* Main_iPad.storyboard */; };
		3BD7523518FB374C007549CC /* CDTViewController.m in Sources */ = {isa = PBXBuildFile; fileRef = 3BD7523418FB374C007549CC /* CDTViewController.m */; };
		3BD7523718FB374C007549CC /* Images.xcassets in Resources */ = {isa = PBXBuildFile; fileRef = 3BD7523618FB374C007549CC /* Images.xcassets */; };
		3BD7523E18FB374C007549CC /* XCTest.framework in Frameworks */ = {isa = PBXBuildFile; fileRef = 3BD7523D18FB374C007549CC /* XCTest.framework */; };
		3BD7523F18FB374C007549CC /* Foundation.framework in Frameworks */ = {isa = PBXBuildFile; fileRef = 3BD7521B18FB374C007549CC /* Foundation.framework */; };
		3BD7524018FB374C007549CC /* UIKit.framework in Frameworks */ = {isa = PBXBuildFile; fileRef = 3BD7521F18FB374C007549CC /* UIKit.framework */; };
		3BD7524818FB374C007549CC /* InfoPlist.strings in Resources */ = {isa = PBXBuildFile; fileRef = 3BD7524618FB374C007549CC /* InfoPlist.strings */; };
		3BD7524A18FB374C007549CC /* CoreDataTestsTests.m in Sources */ = {isa = PBXBuildFile; fileRef = 3BD7524918FB374C007549CC /* CoreDataTestsTests.m */; };
/* End PBXBuildFile section */

/* Begin PBXContainerItemProxy section */
		3BD7524118FB374C007549CC /* PBXContainerItemProxy */ = {
			isa = PBXContainerItemProxy;
			containerPortal = 3BD7521018FB374C007549CC /* Project object */;
			proxyType = 1;
			remoteGlobalIDString = 3BD7521718FB374C007549CC;
			remoteInfo = CoreDataTests;
		};
/* End PBXContainerItemProxy section */

/* Begin PBXFileReference section */
		3BD7521818FB374C007549CC /* CoreDataTests.app */ = {isa = PBXFileReference; explicitFileType = wrapper.application; includeInIndex = 0; path = CoreDataTests.app; sourceTree = BUILT_PRODUCTS_DIR; };
		3BD7521B18FB374C007549CC /* Foundation.framework */ = {isa = PBXFileReference; lastKnownFileType = wrapper.framework; name = Foundation.framework; path = System/Library/Frameworks/Foundation.framework; sourceTree = SDKROOT; };
		3BD7521D18FB374C007549CC /* CoreGraphics.framework */ = {isa = PBXFileReference; lastKnownFileType = wrapper.framework; name = CoreGraphics.framework; path = System/Library/Frameworks/CoreGraphics.framework; sourceTree = SDKROOT; };
		3BD7521F18FB374C007549CC /* UIKit.framework */ = {isa = PBXFileReference; lastKnownFileType = wrapper.framework; name = UIKit.framework; path = System/Library/Frameworks/UIKit.framework; sourceTree = SDKROOT; };
		3BD7522318FB374C007549CC /* CoreDataTests-Info.plist */ = {isa = PBXFileReference; lastKnownFileType = text.plist.xml; path = "CoreDataTests-Info.plist"; sourceTree = "<group>"; };
		3BD7522518FB374C007549CC /* en */ = {isa = PBXFileReference; lastKnownFileType = text.plist.strings; name = en; path = en.lproj/InfoPlist.strings; sourceTree = "<group>"; };
		3BD7522718FB374C007549CC /* main.m */ = {isa = PBXFileReference; lastKnownFileType = sourcecode.c.objc; path = main.m; sourceTree = "<group>"; };
		3BD7522918FB374C007549CC /* CoreDataTests-Prefix.pch */ = {isa = PBXFileReference; lastKnownFileType = sourcecode.c.h; path = "CoreDataTests-Prefix.pch"; sourceTree = "<group>"; };
		3BD7522A18FB374C007549CC /* CDTAppDelegate.h */ = {isa = PBXFileReference; lastKnownFileType = sourcecode.c.h; path = CDTAppDelegate.h; sourceTree = "<group>"; };
		3BD7522B18FB374C007549CC /* CDTAppDelegate.m */ = {isa = PBXFileReference; lastKnownFileType = sourcecode.c.objc; path = CDTAppDelegate.m; sourceTree = "<group>"; };
		3BD7522E18FB374C007549CC /* Base */ = {isa = PBXFileReference; lastKnownFileType = file.storyboard; name = Base; path = Base.lproj/Main_iPhone.storyboard; sourceTree = "<group>"; };
		3BD7523118FB374C007549CC /* Base */ = {isa = PBXFileReference; lastKnownFileType = file.storyboard; name = Base; path = Base.lproj/Main_iPad.storyboard; sourceTree = "<group>"; };
		3BD7523318FB374C007549CC /* CDTViewController.h */ = {isa = PBXFileReference; lastKnownFileType = sourcecode.c.h; path = CDTViewController.h; sourceTree = "<group>"; };
		3BD7523418FB374C007549CC /* CDTViewController.m */ = {isa = PBXFileReference; lastKnownFileType = sourcecode.c.objc; path = CDTViewController.m; sourceTree = "<group>"; };
		3BD7523618FB374C007549CC /* Images.xcassets */ = {isa = PBXFileReference; lastKnownFileType = folder.assetcatalog; path = Images.xcassets; sourceTree = "<group>"; };
		3BD7523C18FB374C007549CC /* CoreDataTestsTests.xctest */ = {isa = PBXFileReference; explicitFileType = wrapper.cfbundle; includeInIndex = 0; path = CoreDataTestsTests.xctest; sourceTree = BUILT_PRODUCTS_DIR; };
		3BD7523D18FB374C007549CC /* XCTest.framework */ = {isa = PBXFileReference; lastKnownFileType = wrapper.framework; name = XCTest.framework; path = Library/Frameworks/XCTest.framework; sourceTree = DEVELOPER_DIR; };
		3BD7524518FB374C007549CC /* CoreDataTestsTests-Info.plist */ = {isa = PBXFileReference; lastKnownFileType = text.plist.xml; path = "CoreDataTestsTests-Info.plist"; sourceTree = "<group>"; };
		3BD7524718FB374C007549CC /* en */ = {isa = PBXFileReference; lastKnownFileType = text.plist.strings; name = en; path = en.lproj/InfoPlist.strings; sourceTree = "<group>"; };
		3BD7524918FB374C007549CC /* CoreDataTestsTests.m */ = {isa = PBXFileReference; lastKnownFileType = sourcecode.c.objc; path = CoreDataTestsTests.m; sourceTree = "<group>"; };
/* End PBXFileReference section */

/* Begin PBXFrameworksBuildPhase section */
		3BD7521518FB374C007549CC /* Frameworks */ = {
			isa = PBXFrameworksBuildPhase;
			buildActionMask = 2147483647;
			files = (
				3BD7521E18FB374C007549CC /* CoreGraphics.framework in Frameworks */,
				3BD7522018FB374C007549CC /* UIKit.framework in Frameworks */,
				3BD7521C18FB374C007549CC /* Foundation.framework in Frameworks */,
			);
			runOnlyForDeploymentPostprocessing = 0;
		};
		3BD7523918FB374C007549CC /* Frameworks */ = {
			isa = PBXFrameworksBuildPhase;
			buildActionMask = 2147483647;
			files = (
				3BD7523E18FB374C007549CC /* XCTest.framework in Frameworks */,
				3BD7524018FB374C007549CC /* UIKit.framework in Frameworks */,
				3BD7523F18FB374C007549CC /* Foundation.framework in Frameworks */,
			);
			runOnlyForDeploymentPostprocessing = 0;
		};
/* End PBXFrameworksBuildPhase section */

/* Begin PBXGroup section */
		3BD7520F18FB374C007549CC = {
			isa = PBXGroup;
			children = (
				3BD7522118FB374C007549CC /* CoreDataTests */,
				3BD7524318FB374C007549CC /* CoreDataTestsTests */,
				3BD7521A18FB374C007549CC /* Frameworks */,
				3BD7521918FB374C007549CC /* Products */,
			);
			sourceTree = "<group>";
		};
		3BD7521918FB374C007549CC /* Products */ = {
			isa = PBXGroup;
			children = (
				3BD7521818FB374C007549CC /* CoreDataTests.app */,
				3BD7523C18FB374C007549CC /* CoreDataTestsTests.xctest */,
			);
			name = Products;
			sourceTree = "<group>";
		};
		3BD7521A18FB374C007549CC /* Frameworks */ = {
			isa = PBXGroup;
			children = (
				3BD7521B18FB374C007549CC /* Foundation.framework */,
				3BD7521D18FB374C007549CC /* CoreGraphics.framework */,
				3BD7521F18FB374C007549CC /* UIKit.framework */,
				3BD7523D18FB374C007549CC /* XCTest.framework */,
			);
			name = Frameworks;
			sourceTree = "<group>";
		};
		3BD7522118FB374C007549CC /* CoreDataTests */ = {
			isa = PBXGroup;
			children = (
				3BD7522A18FB374C007549CC /* CDTAppDelegate.h */,
				3BD7522B18FB374C007549CC /* CDTAppDelegate.m */,
				3BD7522D18FB374C007549CC /* Main_iPhone.storyboard */,
				3BD7523018FB374C007549CC /* Main_iPad.storyboard */,
				3BD7523318FB374C007549CC /* CDTViewController.h */,
				3BD7523418FB374C007549CC /* CDTViewController.m */,
				3BD7523618FB374C007549CC /* Images.xcassets */,
				3BD7522218FB374C007549CC /* Supporting Files */,
			);
			path = CoreDataTests;
			sourceTree = "<group>";
		};
		3BD7522218FB374C007549CC /* Supporting Files */ = {
			isa = PBXGroup;
			children = (
				3BD7522318FB374C007549CC /* CoreDataTests-Info.plist */,
				3BD7522418FB374C007549CC /* InfoPlist.strings */,
				3BD7522718FB374C007549CC /* main.m */,
				3BD7522918FB374C007549CC /* CoreDataTests-Prefix.pch */,
			);
			name = "Supporting Files";
			sourceTree = "<group>";
		};
		3BD7524318FB374C007549CC /* CoreDataTestsTests */ = {
			isa = PBXGroup;
			children = (
				3BD7524918FB374C007549CC /* CoreDataTestsTests.m */,
				3BD7524418FB374C007549CC /* Supporting Files */,
			);
			path = CoreDataTestsTests;
			sourceTree = "<group>";
		};
		3BD7524418FB374C007549CC /* Supporting Files */ = {
			isa = PBXGroup;
			children = (
				3BD7524518FB374C007549CC /* CoreDataTestsTests-Info.plist */,
				3BD7524618FB374C007549CC /* InfoPlist.strings */,
			);
			name = "Supporting Files";
			sourceTree = "<group>";
		};
/* End PBXGroup section */

/* Begin PBXNativeTarget section */
		3BD7521718FB374C007549CC /* CoreDataTests */ = {
			isa = PBXNativeTarget;
			buildConfigurationList = 3BD7524D18FB374C007549CC /* Build configuration list for PBXNativeTarget "CoreDataTests" */;
			buildPhases = (
				3BD7521418FB374C007549CC /* Sources */,
				3BD7521518FB374C007549CC /* Frameworks */,
				3BD7521618FB374C007549CC /* Resources */,
			);
			buildRules = (
			);
			dependencies = (
			);
			name = CoreDataTests;
			productName = CoreDataTests;
			productReference = 3BD7521818FB374C007549CC /* CoreDataTests.app */;
			productType = "com.apple.product-type.application";
		};
		3BD7523B18FB374C007549CC /* CoreDataTestsTests */ = {
			isa = PBXNativeTarget;
			buildConfigurationList = 3BD7525018FB374C007549CC /* Build configuration list for PBXNativeTarget "CoreDataTestsTests" */;
			buildPhases = (
				3BD7523818FB374C007549CC /* Sources */,
				3BD7523918FB374C007549CC /* Frameworks */,
				3BD7523A18FB374C007549CC /* Resources */,
			);
			buildRules = (
			);
			dependencies = (
				3BD7524218FB374C007549CC /* PBXTargetDependency */,
			);
			name = CoreDataTestsTests;
			productName = CoreDataTestsTests;
			productReference = 3BD7523C18FB374C007549CC /* CoreDataTestsTests.xctest */;
			productType = "com.apple.product-type.bundle.unit-test";
		};
/* End PBXNativeTarget section */

/* Begin PBXProject section */
		3BD7521018FB374C007549CC /* Project object */ = {
			isa = PBXProject;
			attributes = {
				CLASSPREFIX = CDT;
				LastUpgradeCheck = 0510;
				TargetAttributes = {
					3BD7523B18FB374C007549CC = {
						TestTargetID = 3BD7521718FB374C007549CC;
					};
				};
			};
			buildConfigurationList = 3BD7521318FB374C007549CC /* Build configuration list for PBXProject "CoreDataTests" */;
			compatibilityVersion = "Xcode 3.2";
			developmentRegion = English;
			hasScannedForEncodings = 0;
			knownRegions = (
				en,
				Base,
			);
			mainGroup = 3BD7520F18FB374C007549CC;
			productRefGroup = 3BD7521918FB374C007549CC /* Products */;
			projectDirPath = "";
			projectRoot = "";
			targets = (
				3BD7521718FB374C007549CC /* CoreDataTests */,
				3BD7523B18FB374C007549CC /* CoreDataTestsTests */,
			);
		};
/* End PBXProject section */

/* Begin PBXResourcesBuildPhase section */
		3BD7521618FB374C007549CC /* Resources */ = {
			isa = PBXResourcesBuildPhase;
			buildActionMask = 2147483647;
			files = (
				3BD7523218FB374C007549CC /* Main_iPad.storyboard in Resources */,
				3BD7523718FB374C007549CC /* Images.xcassets in Resources */,
				3BD7522F18FB374C007549CC /* Main_iPhone.storyboard in Resources */,
				3BD7522618FB374C007549CC /* InfoPlist.strings in Resources */,
			);
			runOnlyForDeploymentPostprocessing = 0;
		};
		3BD7523A18FB374C007549CC /* Resources */ = {
			isa = PBXResourcesBuildPhase;
			buildActionMask = 2147483647;
			files = (
				3BD7524818FB374C007549CC /* InfoPlist.strings in Resources */,
			);
			runOnlyForDeploymentPostprocessing = 0;
		};
/* End PBXResourcesBuildPhase section */

/* Begin PBXSourcesBuildPhase section */
		3BD7521418FB374C007549CC /* Sources */ = {
			isa = PBXSourcesBuildPhase;
			buildActionMask = 2147483647;
			files = (
				3BD7522C18FB374C007549CC /* CDTAppDelegate.m in Sources */,
				3BD7522818FB374C007549CC /* main.m in Sources */,
				3BD7523518FB374C007549CC /* CDTViewController.m in Sources */,
			);
			runOnlyForDeploymentPostprocessing = 0;
		};
		3BD7523818FB374C007549CC /* Sources */ = {
			isa = PBXSourcesBuildPhase;
			buildActionMask = 2147483647;
			files = (
				3BD7524A18FB374C007549CC /* CoreDataTestsTests.m in Sources */,
			);
			runOnlyForDeploymentPostprocessing = 0;
		};
/* End PBXSourcesBuildPhase section */

/* Begin PBXTargetDependency section */
		3BD7524218FB374C007549CC /* PBXTargetDependency */ = {
			isa = PBXTargetDependency;
			target = 3BD7521718FB374C007549CC /* CoreDataTests */;
			targetProxy = 3BD7524118FB374C007549CC /* PBXContainerItemProxy */;
		};
/* End PBXTargetDependency section */

/* Begin PBXVariantGroup section */
		3BD7522418FB374C007549CC /* InfoPlist.strings */ = {
			isa = PBXVariantGroup;
			children = (
				3BD7522518FB374C007549CC /* en */,
			);
			name = InfoPlist.strings;
			sourceTree = "<group>";
		};
		3BD7522D18FB374C007549CC /* Main_iPhone.storyboard */ = {
			isa = PBXVariantGroup;
			children = (
				3BD7522E18FB374C007549CC /* Base */,
			);
			name = Main_iPhone.storyboard;
			sourceTree = "<group>";
		};
		3BD7523018FB374C007549CC /* Main_iPad.storyboard */ = {
			isa = PBXVariantGroup;
			children = (
				3BD7523118FB374C007549CC /* Base */,
			);
			name = Main_iPad.storyboard;
			sourceTree = "<group>";
		};
		3BD7524618FB374C007549CC /* InfoPlist.strings */ = {
			isa = PBXVariantGroup;
			children = (
				3BD7524718FB374C007549CC /* en */,
			);
			name = InfoPlist.strings;
			sourceTree = "<group>";
		};
/* End PBXVariantGroup section */

/* Begin XCBuildConfiguration section */
		3BD7524B18FB374C007549CC /* Debug */ = {
			isa = XCBuildConfiguration;
			buildSettings = {
				ALWAYS_SEARCH_USER_PATHS = NO;
				CLANG_CXX_LANGUAGE_STANDARD = "gnu++0x";
				CLANG_CXX_LIBRARY = "libc++";
				CLANG_ENABLE_MODULES = YES;
				CLANG_ENABLE_OBJC_ARC = YES;
				CLANG_WARN_BOOL_CONVERSION = YES;
				CLANG_WARN_CONSTANT_CONVERSION = YES;
				CLANG_WARN_DIRECT_OBJC_ISA_USAGE = YES_ERROR;
				CLANG_WARN_EMPTY_BODY = YES;
				CLANG_WARN_ENUM_CONVERSION = YES;
				CLANG_WARN_INT_CONVERSION = YES;
				CLANG_WARN_OBJC_ROOT_CLASS = YES_ERROR;
				CLANG_WARN__DUPLICATE_METHOD_MATCH = YES;
				"CODE_SIGN_IDENTITY[sdk=iphoneos*]" = "iPhone Developer";
				COPY_PHASE_STRIP = NO;
				GCC_C_LANGUAGE_STANDARD = gnu99;
				GCC_DYNAMIC_NO_PIC = NO;
				GCC_OPTIMIZATION_LEVEL = 0;
				GCC_PREPROCESSOR_DEFINITIONS = (
					"DEBUG=1",
					"$(inherited)",
				);
				GCC_SYMBOLS_PRIVATE_EXTERN = NO;
				GCC_WARN_64_TO_32_BIT_CONVERSION = YES;
				GCC_WARN_ABOUT_RETURN_TYPE = YES_ERROR;
				GCC_WARN_UNDECLARED_SELECTOR = YES;
				GCC_WARN_UNINITIALIZED_AUTOS = YES_AGGRESSIVE;
				GCC_WARN_UNUSED_FUNCTION = YES;
				GCC_WARN_UNUSED_VARIABLE = YES;
				IPHONEOS_DEPLOYMENT_TARGET = 7.1;
				ONLY_ACTIVE_ARCH = YES;
				SDKROOT = iphoneos;
				TARGETED_DEVICE_FAMILY = "1,2";
			};
			name = Debug;
		};
		3BD7524C18FB374C007549CC /* Release */ = {
			isa = XCBuildConfiguration;
			buildSettings = {
				ALWAYS_SEARCH_USER_PATHS = NO;
				CLANG_CXX_LANGUAGE_STANDARD = "gnu++0x";
				CLANG_CXX_LIBRARY = "libc++";
				CLANG_ENABLE_MODULES = YES;
				CLANG_ENABLE_OBJC_ARC = YES;
				CLANG_WARN_BOOL_CONVERSION = YES;
				CLANG_WARN_CONSTANT_CONVERSION = YES;
				CLANG_WARN_DIRECT_OBJC_ISA_USAGE = YES_ERROR;
				CLANG_WARN_EMPTY_BODY = YES;
				CLANG_WARN_ENUM_CONVERSION = YES;
				CLANG_WARN_INT_CONVERSION = YES;
				CLANG_WARN_OBJC_ROOT_CLASS = YES_ERROR;
				CLANG_WARN__DUPLICATE_METHOD_MATCH = YES;
				"CODE_SIGN_IDENTITY[sdk=iphoneos*]" = "iPhone Developer";
				COPY_PHASE_STRIP = YES;
				ENABLE_NS_ASSERTIONS = NO;
				GCC_C_LANGUAGE_STANDARD = gnu99;
				GCC_WARN_64_TO_32_BIT_CONVERSION = YES;
				GCC_WARN_ABOUT_RETURN_TYPE = YES_ERROR;
				GCC_WARN_UNDECLARED_SELECTOR = YES;
				GCC_WARN_UNINITIALIZED_AUTOS = YES_AGGRESSIVE;
				GCC_WARN_UNUSED_FUNCTION = YES;
				GCC_WARN_UNUSED_VARIABLE = YES;
				IPHONEOS_DEPLOYMENT_TARGET = 7.1;
				SDKROOT = iphoneos;
				TARGETED_DEVICE_FAMILY = "1,2";
				VALIDATE_PRODUCT = YES;
			};
			name = Release;
		};
		3BD7524E18FB374C007549CC /* Debug */ = {
			isa = XCBuildConfiguration;
			buildSettings = {
				ASSETCATALOG_COMPILER_APPICON_NAME = AppIcon;
				ASSETCATALOG_COMPILER_LAUNCHIMAGE_NAME = LaunchImage;
				GCC_PRECOMPILE_PREFIX_HEADER = YES;
				GCC_PREFIX_HEADER = "CoreDataTests/CoreDataTests-Prefix.pch";
				INFOPLIST_FILE = "CoreDataTests/CoreDataTests-Info.plist";
				PRODUCT_NAME = "$(TARGET_NAME)";
				WRAPPER_EXTENSION = app;
			};
			name = Debug;
		};
		3BD7524F18FB374C007549CC /* Release */ = {
			isa = XCBuildConfiguration;
			buildSettings = {
				ASSETCATALOG_COMPILER_APPICON_NAME = AppIcon;
				ASSETCATALOG_COMPILER_LAUNCHIMAGE_NAME = LaunchImage;
				GCC_PRECOMPILE_PREFIX_HEADER = YES;
				GCC_PREFIX_HEADER = "CoreDataTests/CoreDataTests-Prefix.pch";
				INFOPLIST_FILE = "CoreDataTests/CoreDataTests-Info.plist";
				PRODUCT_NAME = "$(TARGET_NAME)";
				WRAPPER_EXTENSION = app;
			};
			name = Release;
		};
		3BD7525118FB374C007549CC /* Debug */ = {
			isa = XCBuildConfiguration;
			buildSettings = {
				BUNDLE_LOADER = "$(BUILT_PRODUCTS_DIR)/CoreDataTests.app/CoreDataTests";
				FRAMEWORK_SEARCH_PATHS = (
					"$(SDKROOT)/Developer/Library/Frameworks",
					"$(inherited)",
					"$(DEVELOPER_FRAMEWORKS_DIR)",
				);
				GCC_PRECOMPILE_PREFIX_HEADER = YES;
				GCC_PREFIX_HEADER = "CoreDataTests/CoreDataTests-Prefix.pch";
				GCC_PREPROCESSOR_DEFINITIONS = (
					"DEBUG=1",
					"$(inherited)",
				);
				INFOPLIST_FILE = "CoreDataTestsTests/CoreDataTestsTests-Info.plist";
				PRODUCT_NAME = "$(TARGET_NAME)";
				TEST_HOST = "$(BUNDLE_LOADER)";
				WRAPPER_EXTENSION = xctest;
			};
			name = Debug;
		};
		3BD7525218FB374C007549CC /* Release */ = {
			isa = XCBuildConfiguration;
			buildSettings = {
				BUNDLE_LOADER = "$(BUILT_PRODUCTS_DIR)/CoreDataTests.app/CoreDataTests";
				FRAMEWORK_SEARCH_PATHS = (
					"$(SDKROOT)/Developer/Library/Frameworks",
					"$(inherited)",
					"$(DEVELOPER_FRAMEWORKS_DIR)",
				);
				GCC_PRECOMPILE_PREFIX_HEADER = YES;
				GCC_PREFIX_HEADER = "CoreDataTests/CoreDataTests-Prefix.pch";
				INFOPLIST_FILE = "CoreDataTestsTests/CoreDataTestsTests-Info.plist";
				PRODUCT_NAME = "$(TARGET_NAME)";
				TEST_HOST = "$(BUNDLE_LOADER)";
				WRAPPER_EXTENSION = xctest;
			};
			name = Release;
		};
/* End XCBuildConfiguration section */

/* Begin XCConfigurationList section */
		3BD7521318FB374C007549CC /* Build configuration list for PBXProject "CoreDataTests" */ = {
			isa = XCConfigurationList;
			buildConfigurations = (
				3BD7524B18FB374C007549CC /* Debug */,
				3BD7524C18FB374C007549CC /* Release */,
			);
			defaultConfigurationIsVisible = 0;
			defaultConfigurationName = Release;
		};
		3BD7524D18FB374C007549CC /* Build configuration list for PBXNativeTarget "CoreDataTests" */ = {
			isa = XCConfigurationList;
			buildConfigurations = (
				3BD7524E18FB374C007549CC /* Debug */,
				3BD7524F18FB374C007549CC /* Release */,
			);
			defaultConfigurationIsVisible = 0;
		};
		3BD7525018FB374C007549CC /* Build configuration list for PBXNativeTarget "CoreDataTestsTests" */ = {
			isa = XCConfigurationList;
			buildConfigurations = (
				3BD7525118FB374C007549CC /* Debug */,
				3BD7525218FB374C007549CC /* Release */,
			);
			defaultConfigurationIsVisible = 0;
		};
/* End XCConfigurationList section */
	};
	rootObject = 3BD7521018FB374C007549CC /* Project object */;
}
